
Microsoft Visual Studio Solution File, Format Version 12.00
# Visual Studio Version 17
VisualStudioVersion = 17.5.33516.290
MinimumVisualStudioVersion = 10.0.40219.1
Project("{8BC9CEB8-8B4A-11D0-8D11-00A0C91BC942}") = "WinGadgetHunter", "WinGadgetHunter\WinGadgetHunter.vcxproj", "{B1408DF5-36C6-4704-A198-F5E37EB6D2ED}"
EndProject
Global
	GlobalSection(SolutionConfigurationPlatforms) = preSolution
		Debug|x64 = Debug|x64
		Debug|x86 = Debug|x86
		Release|x64 = Release|x64
		Release|x86 = Release|x86
	EndGlobalSection
	GlobalSection(ProjectConfigurationPlatforms) = postSolution
		{B1408DF5-36C6-4704-A198-F5E37EB6D2ED}.Debug|x64.ActiveCfg = Debug|x64
		{B1408DF5-36C6-4704-A198-F5E37EB6D2ED}.Debug|x64.Build.0 = Debug|x64
		{B1408DF5-36C6-4704-A198-F5E37EB6D2ED}.Debug|x86.ActiveCfg = Debug|Win32
		{B1408DF5-36C6-4704-A198-F5E37EB6D2ED}.Debug|x86.Build.0 = Debug|Win32
		{B1408DF5-36C6-4704-A198-F5E37EB6D2ED}.Release|x64.ActiveCfg = Release|x64
		{B1408DF5-36C6-4704-A198-F5E37EB6D2ED}.Release|x64.Build.0 = Release|x64
		{B1408DF5-36C6-4704-A198-F5E37EB6D2ED}.Release|x86.ActiveCfg = Release|Win32
		{B1408DF5-36C6-4704-A198-F5E37EB6D2ED}.Release|x86.Build.0 = Release|Win32
	EndGlobalSection
	GlobalSection(SolutionProperties) = preSolution
		HideSolutionNode = FALSE
	EndGlobalSection
	GlobalSection(ExtensibilityGlobals) = postSolution
		SolutionGuid = {C49A072A-377F-49D5-AFC2-65D1640B8DFF}
	EndGlobalSection
EndGlobal
